
Microsoft Visual Studio Solution File, Format Version 12.00
# Visual Studio Version 17
VisualStudioVersion = 17.3.32929.385
MinimumVisualStudioVersion = 10.0.40219.1
Project("{FAE04EC0-301F-11D3-BF4B-00C04F79EFBC}") = "ConsoleApp1", "ConsoleApp1.csproj", "{36DE8C5D-CCA0-4C1D-B683-BD7D527F2536}"
EndProject
Global
	GlobalSection(SolutionConfigurationPlatforms) = preSolution
		Debug|Any CPU = Debug|Any CPU
		Release|Any CPU = Release|Any CPU
	EndGlobalSection
	GlobalSection(ProjectConfigurationPlatforms) = postSolution
		{36DE8C5D-CCA0-4C1D-B683-BD7D527F2536}.Debug|Any CPU.ActiveCfg = Debug|Any CPU
		{36DE8C5D-CCA0-4C1D-B683-BD7D527F2536}.Debug|Any CPU.Build.0 = Debug|Any CPU
		{36DE8C5D-CCA0-4C1D-B683-BD7D527F2536}.Release|Any CPU.ActiveCfg = Release|Any CPU
		{36DE8C5D-CCA0-4C1D-B683-BD7D527F2536}.Release|Any CPU.Build.0 = Release|Any CPU
	EndGlobalSection
	GlobalSection(SolutionProperties) = preSolution
		HideSolutionNode = FALSE
	EndGlobalSection
	GlobalSection(ExtensibilityGlobals) = postSolution
		SolutionGuid = {B435FE6B-5581-4155-BC03-817DBCC3F712}
	EndGlobalSection
EndGlobal
